Microsoft Visual Studio Solution File, Format Version 12.00
# Visual Studio Version 17
VisualStudioVersion = 17.8.34330.188
MinimumVisualStudioVersion = 10.0.40219.1
Project("{FAE04EC0-301F-11D3-BF4B-00C04F79EFBC}") = "SmartBook.WebApi", "src\SmartBook.WebApi\SmartBook.WebApi.csproj", "{250DEB13-5D35-4216-BE81-8F5D6E28182C}"
EndProject
Project("{FAE04EC0-301F-11D3-BF4B-00C04F79EFBC}") = "SmartBook.Application", "src\SmartBook.Application\SmartBook.Application.csproj", "{491CC30C-A187-4E4A-8629-1B928A074C1D}"
EndProject
Project("{FAE04EC0-301F-11D3-BF4B-00C04F79EFBC}") = "SmartBook.Domain", "src\SmartBook.Domain\SmartBook.Domain.csproj", "{A172F092-980C-47E5-A37A-3C50A0D90F49}"
EndProject
Project("{FAE04EC0-301F-11D3-BF4B-00C04F79EFBC}") = "SmartBook.Persistence", "src\SmartBook.Persistence\SmartBook.Persistence.csproj", "{422658A8-3B08-4057-BE73-A399965E3142}"
EndProject
Global
	GlobalSection(SolutionConfigurationPlatforms) = preSolution
		Debug|Any CPU = Debug|Any CPU
		Release|Any CPU = Release|Any CPU
	EndGlobalSection
	GlobalSection(ProjectConfigurationPlatforms) = postSolution
		{250DEB13-5D35-4216-BE81-8F5D6E28182C}.Debug|Any CPU.ActiveCfg = Debug|Any CPU
		{250DEB13-5D35-4216-BE81-8F5D6E28182C}.Debug|Any CPU.Build.0 = Debug|Any CPU
		{250DEB13-5D35-4216-BE81-8F5D6E28182C}.Release|Any CPU.ActiveCfg = Release|Any CPU
		{250DEB13-5D35-4216-BE81-8F5D6E28182C}.Release|Any CPU.Build.0 = Release|Any CPU
		{491CC30C-A187-4E4A-8629-1B928A074C1D}.Debug|Any CPU.ActiveCfg = Debug|Any CPU
		{491CC30C-A187-4E4A-8629-1B928A074C1D}.Debug|Any CPU.Build.0 = Debug|Any CPU
		{491CC30C-A187-4E4A-8629-1B928A074C1D}.Release|Any CPU.ActiveCfg = Release|Any CPU
		{491CC30C-A187-4E4A-8629-1B928A074C1D}.Release|Any CPU.Build.0 = Release|Any CPU
		{A172F092-980C-47E5-A37A-3C50A0D90F49}.Debug|Any CPU.ActiveCfg = Debug|Any CPU
		{A172F092-980C-47E5-A37A-3C50A0D90F49}.Debug|Any CPU.Build.0 = Debug|Any CPU
		{A172F092-980C-47E5-A37A-3C50A0D90F49}.Release|Any CPU.ActiveCfg = Release|Any CPU
		{A172F092-980C-47E5-A37A-3C50A0D90F49}.Release|Any CPU.Build.0 = Release|Any CPU
		{422658A8-3B08-4057-BE73-A399965E3142}.Debug|Any CPU.ActiveCfg = Debug|Any CPU
		{422658A8-3B08-4057-BE73-A399965E3142}.Debug|Any CPU.Build.0 = Debug|Any CPU
		{422658A8-3B08-4057-BE73-A399965E3142}.Release|Any CPU.ActiveCfg = Release|Any CPU
		{422658A8-3B08-4057-BE73-A399965E3142}.Release|Any CPU.Build.0 = Release|Any CPU
	EndGlobalSection
	GlobalSection(SolutionProperties) = preSolution
		HideSolutionNode = FALSE
	EndGlobalSection
	GlobalSection(ExtensibilityGlobals) = postSolution
		        SolutionGuid = "{20D3DDFF-3C5E-4FBE-B52F-E4CACE738CD1}"
	EndGlobalSection
EndGlobal
